// !$*UTF8*$!
{
	archiveVersion = 1;
	classes = {
	};
	objectVersion = 48;
	objects = {

/* Begin PBXBuildFile section */
		B149DD1120A0E8FB00C42549 /* AppDelegate.swift in Sources */ = {isa = PBXBuildFile; fileRef = B149DD1020A0E8FB00C42549 /* AppDelegate.swift */; };
		B149DD1620A0E8FB00C42549 /* Main.storyboard in Resources */ = {isa = PBXBuildFile; fileRef = B149DD1420A0E8FB00C42549 /* Main.storyboard */; };
		B149DD1820A0E8FB00C42549 /* Assets.xcassets in Resources */ = {isa = PBXBuildFile; fileRef = B149DD1720A0E8FB00C42549 /* Assets.xcassets */; };
		B149DD1B20A0E8FB00C42549 /* LaunchScreen.storyboard in Resources */ = {isa = PBXBuildFile; fileRef = B149DD1920A0E8FB00C42549 /* LaunchScreen.storyboard */; };
		B149DD2320A0EB7A00C42549 /* ScrollViewController.swift in Sources */ = {isa = PBXBuildFile; fileRef = B149DD2220A0EB7A00C42549 /* ScrollViewController.swift */; };
/* End PBXBuildFile section */

/* Begin PBXFileReference section */
		B149DD0D20A0E8FB00C42549 /* ScrollViewAuotLayOut.app */ = {isa = PBXFileReference; explicitFileType = wrapper.application; includeInIndex = 0; path = ScrollViewAuotLayOut.app; sourceTree = BUILT_PRODUCTS_DIR; };
		B149DD1020A0E8FB00C42549 /* AppDelegate.swift */ = {isa = PBXFileReference; lastKnownFileType = sourcecode.swift; path = AppDelegate.swift; sourceTree = "<group>"; };
		B149DD1520A0E8FB00C42549 /* Base */ = {isa = PBXFileReference; lastKnownFileType = file.storyboard; name = Base; path = Base.lproj/Main.storyboard; sourceTree = "<group>"; };
		B149DD1720A0E8FB00C42549 /* Assets.xcassets */ = {isa = PBXFileReference; lastKnownFileType = folder.assetcatalog; path = Assets.xcassets; sourceTree = "<group>"; };
		B149DD1A20A0E8FB00C42549 /* Base */ = {isa = PBXFileReference; lastKnownFileType = file.storyboard; name = Base; path = Base.lproj/LaunchScreen.storyboard; sourceTree = "<group>"; };
		B149DD1C20A0E8FB00C42549 /* Info.plist */ = {isa = PBXFileReference; lastKnownFileType = text.plist.xml; path = Info.plist; sourceTree = "<group>"; };
		B149DD2220A0EB7A00C42549 /* ScrollViewController.swift */ = {isa = PBXFileReference; lastKnownFileType = sourcecode.swift; path = ScrollViewController.swift; sourceTree = "<group>"; };
/* End PBXFileReference section */

/* Begin PBXFrameworksBuildPhase section */
		B149DD0A20A0E8FB00C42549 /* Frameworks */ = {
			isa = PBXFrameworksBuildPhase;
			buildActionMask = 2147483647;
			files = (
			);
			runOnlyForDeploymentPostprocessing = 0;
		};
/* End PBXFrameworksBuildPhase section */

/* Begin PBXGroup section */
		B149DD0420A0E8FB00C42549 = {
			isa = PBXGroup;
			children = (
				B149DD0F20A0E8FB00C42549 /* ScrollViewAuotLayOut */,
				B149DD0E20A0E8FB00C42549 /* Products */,
			);
			sourceTree = "<group>";
		};
		B149DD0E20A0E8FB00C42549 /* Products */ = {
			isa = PBXGroup;
			children = (
				B149DD0D20A0E8FB00C42549 /* ScrollViewAuotLayOut.app */,
			);
			name = Products;
			sourceTree = "<group>";
		};
		B149DD0F20A0E8FB00C42549 /* ScrollViewAuotLayOut */ = {
			isa = PBXGroup;
			children = (
				B149DD1020A0E8FB00C42549 /* AppDelegate.swift */,
				B149DD1420A0E8FB00C42549 /* Main.storyboard */,
				B149DD2220A0EB7A00C42549 /* ScrollViewController.swift */,
				B149DD1720A0E8FB00C42549 /* Assets.xcassets */,
				B149DD1920A0E8FB00C42549 /* LaunchScreen.storyboard */,
				B149DD1C20A0E8FB00C42549 /* Info.plist */,
			);
			path = ScrollViewAuotLayOut;
			sourceTree = "<group>";
		};
/* End PBXGroup section */

/* Begin PBXNativeTarget section */
		B149DD0C20A0E8FB00C42549 /* ScrollViewAuotLayOut */ = {
			isa = PBXNativeTarget;
			buildConfigurationList = B149DD1F20A0E8FB00C42549 /* Build configuration list for PBXNativeTarget "ScrollViewAuotLayOut" */;
			buildPhases = (
				B149DD0920A0E8FB00C42549 /* Sources */,
				B149DD0A20A0E8FB00C42549 /* Frameworks */,
				B149DD0B20A0E8FB00C42549 /* Resources */,
			);
			buildRules = (
			);
			dependencies = (
			);
			name = ScrollViewAuotLayOut;
			productName = ScrollViewAuotLayOut;
			productReference = B149DD0D20A0E8FB00C42549 /* ScrollViewAuotLayOut.app */;
			productType = "com.apple.product-type.application";
		};
/* End PBXNativeTarget section */

/* Begin PBXProject section */
		B149DD0520A0E8FB00C42549 /* Project object */ = {
			isa = PBXProject;
			attributes = {
				LastSwiftUpdateCheck = 0920;
				LastUpgradeCheck = 0920;
				ORGANIZATIONNAME = "NIKOLA RUSEV";
				TargetAttributes = {
					B149DD0C20A0E8FB00C42549 = {
						CreatedOnToolsVersion = 9.2;
						ProvisioningStyle = Automatic;
					};
				};
			};
			buildConfigurationList = B149DD0820A0E8FB00C42549 /* Build configuration list for PBXProject "ScrollViewAuotLayOut" */;
			compatibilityVersion = "Xcode 8.0";
			developmentRegion = en;
			hasScannedForEncodings = 0;
			knownRegions = (
				en,
				Base,
			);
			mainGroup = B149DD0420A0E8FB00C42549;
			productRefGroup = B149DD0E20A0E8FB00C42549 /* Products */;
			projectDirPath = "";
			projectRoot = "";
			targets = (
				B149DD0C20A0E8FB00C42549 /* ScrollViewAuotLayOut */,
			);
		};
/* End PBXProject section */

/* Begin PBXResourcesBuildPhase section */
		B149DD0B20A0E8FB00C42549 /* Resources */ = {
			isa = PBXResourcesBuildPhase;
			buildActionMask = 2147483647;
			files = (
				B149DD1B20A0E8FB00C42549 /* LaunchScreen.storyboard in Resources */,
				B149DD1820A0E8FB00C42549 /* Assets.xcassets in Resources */,
				B149DD1620A0E8FB00C42549 /* Main.storyboard in Resources */,
			);
			runOnlyForDeploymentPostprocessing = 0;
		};
/* End PBXResourcesBuildPhase section */

/* Begin PBXSourcesBuildPhase section */
		B149DD0920A0E8FB00C42549 /* Sources */ = {
			isa = PBXSourcesBuildPhase;
			buildActionMask = 2147483647;
			files = (
				B149DD1120A0E8FB00C42549 /* AppDelegate.swift in Sources */,
				B149DD2320A0EB7A00C42549 /* ScrollViewController.swift in Sources */,
			);
			runOnlyForDeploymentPostprocessing = 0;
		};
/* End PBXSourcesBuildPhase section */

/* Begin PBXVariantGroup section */
		B149DD1420A0E8FB00C42549 /* Main.storyboard */ = {
			isa = PBXVariantGroup;
			children = (
				B149DD1520A0E8FB00C42549 /* Base */,
			);
			name = Main.storyboard;
			sourceTree = "<group>";
		};
		B149DD1920A0E8FB00C42549 /* LaunchScreen.storyboard */ = {
			isa = PBXVariantGroup;
			children = (
				B149DD1A20A0E8FB00C42549 /* Base */,
			);
			name = LaunchScreen.storyboard;
			sourceTree = "<group>";
		};
/* End PBXVariantGroup section */

/* Begin XCBuildConfiguration section */
		B149DD1D20A0E8FB00C42549 /* Debug */ = {
			isa = XCBuildConfiguration;
			buildSettings = {
				ALWAYS_SEARCH_USER_PATHS = NO;
				CLANG_ANALYZER_NONNULL = YES;
				CLANG_ANALYZER_NUMBER_OBJECT_CONVERSION = YES_AGGRESSIVE;
				CLANG_CXX_LANGUAGE_STANDARD = "gnu++14";
				CLANG_CXX_LIBRARY = "libc++";
				CLANG_ENABLE_MODULES = YES;
				CLANG_ENABLE_OBJC_ARC = YES;
				CLANG_WARN_BLOCK_CAPTURE_AUTORELEASING = YES;
				CLANG_WARN_BOOL_CONVERSION = YES;
				CLANG_WARN_COMMA = YES;
				CLANG_WARN_CONSTANT_CONVERSION = YES;
				CLANG_WARN_DIRECT_OBJC_ISA_USAGE = YES_ERROR;
				CLANG_WARN_DOCUMENTATION_COMMENTS = YES;
				CLANG_WARN_EMPTY_BODY = YES;
				CLANG_WARN_ENUM_CONVERSION = YES;
				CLANG_WARN_INFINITE_RECURSION = YES;
				CLANG_WARN_INT_CONVERSION = YES;
				CLANG_WARN_NON_LITERAL_NULL_CONVERSION = YES;
				CLANG_WARN_OBJC_LITERAL_CONVERSION = YES;
				CLANG_WARN_OBJC_ROOT_CLASS = YES_ERROR;
				CLANG_WARN_RANGE_LOOP_ANALYSIS = YES;
				CLANG_WARN_STRICT_PROTOTYPES = YES;
				CLANG_WARN_SUSPICIOUS_MOVE = YES;
				CLANG_WARN_UNGUARDED_AVAILABILITY = YES_AGGRESSIVE;
				CLANG_WARN_UNREACHABLE_CODE = YES;
				CLANG_WARN__DUPLICATE_METHOD_MATCH = YES;
				CODE_SIGN_IDENTITY = "iPhone Developer";
				COPY_PHASE_STRIP = NO;
				DEBUG_INFORMATION_FORMAT = dwarf;
				ENABLE_STRICT_OBJC_MSGSEND = YES;
				ENABLE_TESTABILITY = YES;
				GCC_C_LANGUAGE_STANDARD = gnu11;
				GCC_DYNAMIC_NO_PIC = NO;
				GCC_NO_COMMON_BLOCKS = YES;
				GCC_OPTIMIZATION_LEVEL = 0;
				GCC_PREPROCESSOR_DEFINITIONS = (
					"DEBUG=1",
					"$(inherited)",
				);
				GCC_WARN_64_TO_32_BIT_CONVERSION = YES;
				GCC_WARN_ABOUT_RETURN_TYPE = YES_ERROR;
				GCC_WARN_UNDECLARED_SELECTOR = YES;
				GCC_WARN_UNINITIALIZED_AUTOS = YES_AGGRESSIVE;
				GCC_WARN_UNUSED_FUNCTION = YES;
				GCC_WARN_UNUSED_VARIABLE = YES;
				IPHONEOS_DEPLOYMENT_TARGET = 11.2;
				MTL_ENABLE_DEBUG_INFO = YES;
				ONLY_ACTIVE_ARCH = YES;
				SDKROOT = iphoneos;
				SWIFT_ACTIVE_COMPILATION_CONDITIONS = DEBUG;
				SWIFT_OPTIMIZATION_LEVEL = "-Onone";
			};
			name = Debug;
		};
		B149DD1E20A0E8FB00C42549 /* Release */ = {
			isa = XCBuildConfiguration;
			buildSettings = {
				ALWAYS_SEARCH_USER_PATHS = NO;
				CLANG_ANALYZER_NONNULL = YES;
				CLANG_ANALYZER_NUMBER_OBJECT_CONVERSION = YES_AGGRESSIVE;
				CLANG_CXX_LANGUAGE_STANDARD = "gnu++14";
				CLANG_CXX_LIBRARY = "libc++";
				CLANG_ENABLE_MODULES = YES;
				CLANG_ENABLE_OBJC_ARC = YES;
				CLANG_WARN_BLOCK_CAPTURE_AUTORELEASING = YES;
				CLANG_WARN_BOOL_CONVERSION = YES;
				CLANG_WARN_COMMA = YES;
				CLANG_WARN_CONSTANT_CONVERSION = YES;
				CLANG_WARN_DIRECT_OBJC_ISA_USAGE = YES_ERROR;
				CLANG_WARN_DOCUMENTATION_COMMENTS = YES;
				CLANG_WARN_EMPTY_BODY = YES;
				CLANG_WARN_ENUM_CONVERSION = YES;
				CLANG_WARN_INFINITE_RECURSION = YES;
				CLANG_WARN_INT_CONVERSION = YES;
				CLANG_WARN_NON_LITERAL_NULL_CONVERSION = YES;
				CLANG_WARN_OBJC_LITERAL_CONVERSION = YES;
				CLANG_WARN_OBJC_ROOT_CLASS = YES_ERROR;
				CLANG_WARN_RANGE_LOOP_ANALYSIS = YES;
				CLANG_WARN_STRICT_PROTOTYPES = YES;
				CLANG_WARN_SUSPICIOUS_MOVE = YES;
				CLANG_WARN_UNGUARDED_AVAILABILITY = YES_AGGRESSIVE;
				CLANG_WARN_UNREACHABLE_CODE = YES;
				CLANG_WARN__DUPLICATE_METHOD_MATCH = YES;
				CODE_SIGN_IDENTITY = "iPhone Developer";
				COPY_PHASE_STRIP = NO;
				DEBUG_INFORMATION_FORMAT = "dwarf-with-dsym";
				ENABLE_NS_ASSERTIONS = NO;
				ENABLE_STRICT_OBJC_MSGSEND = YES;
				GCC_C_LANGUAGE_STANDARD = gnu11;
				GCC_NO_COMMON_BLOCKS = YES;
				GCC_WARN_64_TO_32_BIT_CONVERSION = YES;
				GCC_WARN_ABOUT_RETURN_TYPE = YES_ERROR;
				GCC_WARN_UNDECLARED_SELECTOR = YES;
				GCC_WARN_UNINITIALIZED_AUTOS = YES_AGGRESSIVE;
				GCC_WARN_UNUSED_FUNCTION = YES;
				GCC_WARN_UNUSED_VARIABLE = YES;
				IPHONEOS_DEPLOYMENT_TARGET = 11.2;
				MTL_ENABLE_DEBUG_INFO = NO;
				SDKROOT = iphoneos;
				SWIFT_OPTIMIZATION_LEVEL = "-Owholemodule";
				VALIDATE_PRODUCT = YES;
			};
			name = Release;
		};
		B149DD2020A0E8FB00C42549 /* Debug */ = {
			isa = XCBuildConfiguration;
			buildSettings = {
				ASSETCATALOG_COMPILER_APPICON_NAME = AppIcon;
				CODE_SIGN_STYLE = Automatic;
				INFOPLIST_FILE = ScrollViewAuotLayOut/Info.plist;
				LD_RUNPATH_SEARCH_PATHS = "$(inherited) @executable_path/Frameworks";
				PRODUCT_BUNDLE_IDENTIFIER = com.nikolarusev.ScrollViewAuotLayOut;
				PRODUCT_NAME = "$(TARGET_NAME)";
				SWIFT_VERSION = 4.0;
				TARGETED_DEVICE_FAMILY = "1,2";
			};
			name = Debug;
		};
		B149DD2120A0E8FB00C42549 /* Release */ = {
			isa = XCBuildConfiguration;
			buildSettings = {
				ASSETCATALOG_COMPILER_APPICON_NAME = AppIcon;
				CODE_SIGN_STYLE = Automatic;
				INFOPLIST_FILE = ScrollViewAuotLayOut/Info.plist;
				LD_RUNPATH_SEARCH_PATHS = "$(inherited) @executable_path/Frameworks";
				PRODUCT_BUNDLE_IDENTIFIER = com.nikolarusev.ScrollViewAuotLayOut;
				PRODUCT_NAME = "$(TARGET_NAME)";
				SWIFT_VERSION = 4.0;
				TARGETED_DEVICE_FAMILY = "1,2";
			};
			name = Release;
		};
/* End XCBuildConfiguration section */

/* Begin XCConfigurationList section */
		B149DD0820A0E8FB00C42549 /* Build configuration list for PBXProject "ScrollViewAuotLayOut" */ = {
			isa = XCConfigurationList;
			buildConfigurations = (
				B149DD1D20A0E8FB00C42549 /* Debug */,
				B149DD1E20A0E8FB00C42549 /* Release */,
			);
			defaultConfigurationIsVisible = 0;
			defaultConfigurationName = Release;
		};
		B149DD1F20A0E8FB00C42549 /* Build configuration list for PBXNativeTarget "ScrollViewAuotLayOut" */ = {
			isa = XCConfigurationList;
			buildConfigurations = (
				B149DD2020A0E8FB00C42549 /* Debug */,
				B149DD2120A0E8FB00C42549 /* Release */,
			);
			defaultConfigurationIsVisible = 0;
			defaultConfigurationName = Release;
		};
/* End XCConfigurationList section */
	};
	rootObject = B149DD0520A0E8FB00C42549 /* Project object */;
}
